
Microsoft Visual Studio Solution File, Format Version 12.00
# Visual Studio Version 17
VisualStudioVersion = 17.1.32228.430
MinimumVisualStudioVersion = 10.0.40219.1
Project("{8BC9CEB8-8B4A-11D0-8D11-00A0C91BC942}") = "Лабораторная работа 3", "Лабораторная работа 3\Лабораторная работа 3.vcxproj", "{6F259D75-031B-4882-BAAC-4A605FCAC74F}"
EndProject
Project("{8BC9CEB8-8B4A-11D0-8D11-00A0C91BC942}") = "3Б", "3Б\3Б.vcxproj", "{047E7F3D-68B1-49AA-9332-80604FBC8122}"
EndProject
Project("{8BC9CEB8-8B4A-11D0-8D11-00A0C91BC942}") = "3А", "3А\3А.vcxproj", "{7A9B3051-40BD-4997-8258-A2534E26A35E}"
EndProject
Global
	GlobalSection(SolutionConfigurationPlatforms) = preSolution
		Debug|x64 = Debug|x64
		Debug|x86 = Debug|x86
		Release|x64 = Release|x64
		Release|x86 = Release|x86
	EndGlobalSection
	GlobalSection(ProjectConfigurationPlatforms) = postSolution
		{6F259D75-031B-4882-BAAC-4A605FCAC74F}.Debug|x64.ActiveCfg = Debug|x64
		{6F259D75-031B-4882-BAAC-4A605FCAC74F}.Debug|x64.Build.0 = Debug|x64
		{6F259D75-031B-4882-BAAC-4A605FCAC74F}.Debug|x86.ActiveCfg = Debug|Win32
		{6F259D75-031B-4882-BAAC-4A605FCAC74F}.Debug|x86.Build.0 = Debug|Win32
		{6F259D75-031B-4882-BAAC-4A605FCAC74F}.Release|x64.ActiveCfg = Release|x64
		{6F259D75-031B-4882-BAAC-4A605FCAC74F}.Release|x64.Build.0 = Release|x64
		{6F259D75-031B-4882-BAAC-4A605FCAC74F}.Release|x86.ActiveCfg = Release|Win32
		{6F259D75-031B-4882-BAAC-4A605FCAC74F}.Release|x86.Build.0 = Release|Win32
		{047E7F3D-68B1-49AA-9332-80604FBC8122}.Debug|x64.ActiveCfg = Debug|x64
		{047E7F3D-68B1-49AA-9332-80604FBC8122}.Debug|x64.Build.0 = Debug|x64
		{047E7F3D-68B1-49AA-9332-80604FBC8122}.Debug|x86.ActiveCfg = Debug|Win32
		{047E7F3D-68B1-49AA-9332-80604FBC8122}.Debug|x86.Build.0 = Debug|Win32
		{047E7F3D-68B1-49AA-9332-80604FBC8122}.Release|x64.ActiveCfg = Release|x64
		{047E7F3D-68B1-49AA-9332-80604FBC8122}.Release|x64.Build.0 = Release|x64
		{047E7F3D-68B1-49AA-9332-80604FBC8122}.Release|x86.ActiveCfg = Release|Win32
		{047E7F3D-68B1-49AA-9332-80604FBC8122}.Release|x86.Build.0 = Release|Win32
		{7A9B3051-40BD-4997-8258-A2534E26A35E}.Debug|x64.ActiveCfg = Debug|x64
		{7A9B3051-40BD-4997-8258-A2534E26A35E}.Debug|x64.Build.0 = Debug|x64
		{7A9B3051-40BD-4997-8258-A2534E26A35E}.Debug|x86.ActiveCfg = Debug|Win32
		{7A9B3051-40BD-4997-8258-A2534E26A35E}.Debug|x86.Build.0 = Debug|Win32
		{7A9B3051-40BD-4997-8258-A2534E26A35E}.Release|x64.ActiveCfg = Release|x64
		{7A9B3051-40BD-4997-8258-A2534E26A35E}.Release|x64.Build.0 = Release|x64
		{7A9B3051-40BD-4997-8258-A2534E26A35E}.Release|x86.ActiveCfg = Release|Win32
		{7A9B3051-40BD-4997-8258-A2534E26A35E}.Release|x86.Build.0 = Release|Win32
	EndGlobalSection
	GlobalSection(SolutionProperties) = preSolution
		HideSolutionNode = FALSE
	EndGlobalSection
	GlobalSection(ExtensibilityGlobals) = postSolution
		SolutionGuid = {AA5C1B3C-DB48-4CCF-9B88-3EEAB60EC07B}
	EndGlobalSection
EndGlobal
