
Microsoft Visual Studio Solution File, Format Version 12.00
# Visual Studio Version 16
VisualStudioVersion = 16.0.32002.261
MinimumVisualStudioVersion = 10.0.40219.1
Project("{8BC9CEB8-8B4A-11D0-8D11-00A0C91BC942}") = "Лабораторная работа 1", "Лабораторная работа 1\Лабораторная работа 1.vcxproj", "{63E5E800-DB7E-4B52-B4DA-E0A7B63ACDBB}"
EndProject
Global
	GlobalSection(SolutionConfigurationPlatforms) = preSolution
		Debug|x64 = Debug|x64
		Debug|x86 = Debug|x86
		Release|x64 = Release|x64
		Release|x86 = Release|x86
	EndGlobalSection
	GlobalSection(ProjectConfigurationPlatforms) = postSolution
		{63E5E800-DB7E-4B52-B4DA-E0A7B63ACDBB}.Debug|x64.ActiveCfg = Debug|x64
		{63E5E800-DB7E-4B52-B4DA-E0A7B63ACDBB}.Debug|x64.Build.0 = Debug|x64
		{63E5E800-DB7E-4B52-B4DA-E0A7B63ACDBB}.Debug|x86.ActiveCfg = Debug|Win32
		{63E5E800-DB7E-4B52-B4DA-E0A7B63ACDBB}.Debug|x86.Build.0 = Debug|Win32
		{63E5E800-DB7E-4B52-B4DA-E0A7B63ACDBB}.Release|x64.ActiveCfg = Release|x64
		{63E5E800-DB7E-4B52-B4DA-E0A7B63ACDBB}.Release|x64.Build.0 = Release|x64
		{63E5E800-DB7E-4B52-B4DA-E0A7B63ACDBB}.Release|x86.ActiveCfg = Release|Win32
		{63E5E800-DB7E-4B52-B4DA-E0A7B63ACDBB}.Release|x86.Build.0 = Release|Win32
	EndGlobalSection
	GlobalSection(SolutionProperties) = preSolution
		HideSolutionNode = FALSE
	EndGlobalSection
	GlobalSection(ExtensibilityGlobals) = postSolution
		SolutionGuid = {6B39B7E1-8FE7-449E-82DB-26E76B9A9F88}
	EndGlobalSection
EndGlobal
